{
  "version": 4,
  "terraform_version": "1.3.6",
  "serial": 136,
  "lineage": "a3171e11-18f9-3f1b-04f5-3d38f818ad4c",
  "outputs": {},
  "resources": [
    {
      "mode": "managed",
      "type": "aws_sagemaker_endpoint",
      "name": "mobilenet-1gb-serverless",
      "provider": "provider[\"registry.terraform.io/hashicorp/aws\"]",
      "instances": [
        {
          "schema_version": 0,
          "attributes": {
            "arn": "arn:aws:sagemaker:us-east-1:647348626155:endpoint/mobilenet-1gb-serverless",
            "deployment_config": [],
            "endpoint_config_name": "mobilenet-1gb-serverless",
            "id": "mobilenet-1gb-serverless",
            "name": "mobilenet-1gb-serverless",
            "tags": null,
            "tags_all": {}
          },
          "sensitive_attributes": [],
          "private": "bnVsbA==",
          "dependencies": [
            "module.dr_detection_models_bucket.aws_s3_bucket.bucket",
            "module.mobilenet_1gb_serverless_endpoint_config.aws_sagemaker_endpoint_configuration.serverless_endpoint_config",
            "module.mobilenet_x86_serverless.aws_sagemaker_model.model",
            "module.private_dr_detection_deploy_repository.aws_ecr_repository.private_repository",
            "module.sagemaker_execution_role.aws_iam_role.sagemaker-role"
          ]
        }
      ]
    },
    {
      "module": "module.dr_detection_models_bucket",
      "mode": "managed",
      "type": "aws_s3_bucket",
      "name": "bucket",
      "provider": "provider[\"registry.terraform.io/hashicorp/aws\"]",
      "instances": [
        {
          "schema_version": 0,
          "attributes": {
            "acceleration_status": "",
            "acl": null,
            "arn": "arn:aws:s3:::dr-detection-models",
            "bucket": "dr-detection-models",
            "bucket_domain_name": "dr-detection-models.s3.amazonaws.com",
            "bucket_prefix": null,
            "bucket_regional_domain_name": "dr-detection-models.s3.amazonaws.com",
            "cors_rule": [],
            "force_destroy": null,
            "grant": [
              {
                "id": "a831b5f265e4dad65a37de43f349c2ffd5028146d8ad47037ecdca2092106efe",
                "permissions": [
                  "FULL_CONTROL"
                ],
                "type": "CanonicalUser",
                "uri": ""
              }
            ],
            "hosted_zone_id": "Z3AQBSTGFYJSTF",
            "id": "dr-detection-models",
            "lifecycle_rule": [],
            "logging": [],
            "object_lock_configuration": [],
            "object_lock_enabled": false,
            "policy": "",
            "region": "us-east-1",
            "replication_configuration": [],
            "request_payer": "BucketOwner",
            "server_side_encryption_configuration": [
              {
                "rule": [
                  {
                    "apply_server_side_encryption_by_default": [
                      {
                        "kms_master_key_id": "",
                        "sse_algorithm": "AES256"
                      }
                    ],
                    "bucket_key_enabled": true
                  }
                ]
              }
            ],
            "tags": {},
            "tags_all": {},
            "timeouts": null,
            "versioning": [
              {
                "enabled": false,
                "mfa_delete": false
              }
            ],
            "website": [],
            "website_domain": null,
            "website_endpoint": null
          },
          "sensitive_attributes": [],
          "private": "eyJlMmJmYjczMC1lY2FhLTExZTYtOGY4OC0zNDM2M2JjN2M0YzAiOnsiY3JlYXRlIjoxMjAwMDAwMDAwMDAwLCJkZWxldGUiOjM2MDAwMDAwMDAwMDAsInJlYWQiOjEyMDAwMDAwMDAwMDAsInVwZGF0ZSI6MTIwMDAwMDAwMDAwMH0sInNjaGVtYV92ZXJzaW9uIjoiMCJ9"
        }
      ]
    },
    {
      "module": "module.mobilenet_1gb_serverless_endpoint_config",
      "mode": "managed",
      "type": "aws_sagemaker_endpoint_configuration",
      "name": "serverless_endpoint_config",
      "provider": "provider[\"registry.terraform.io/hashicorp/aws\"]",
      "instances": [
        {
          "schema_version": 0,
          "attributes": {
            "arn": "arn:aws:sagemaker:us-east-1:647348626155:endpoint-config/mobilenet-1gb-serverless",
            "async_inference_config": [],
            "data_capture_config": [],
            "id": "mobilenet-1gb-serverless",
            "kms_key_arn": "",
            "name": "mobilenet-1gb-serverless",
            "production_variants": [
              {
                "accelerator_type": "",
                "container_startup_health_check_timeout_in_seconds": 0,
                "core_dump_config": [],
                "initial_instance_count": 0,
                "initial_variant_weight": 1,
                "instance_type": "",
                "model_data_download_timeout_in_seconds": 0,
                "model_name": "mobilenet-x86-serverless",
                "serverless_config": [
                  {
                    "max_concurrency": 1,
                    "memory_size_in_mb": 1024
                  }
                ],
                "variant_name": "variant-1",
                "volume_size_in_gb": 5
              }
            ],
            "shadow_production_variants": [],
            "tags": null,
            "tags_all": {}
          },
          "sensitive_attributes": [],
          "private": "bnVsbA==",
          "dependencies": [
            "module.dr_detection_models_bucket.aws_s3_bucket.bucket",
            "module.mobilenet_x86_serverless.aws_sagemaker_model.model",
            "module.private_dr_detection_deploy_repository.aws_ecr_repository.private_repository",
            "module.sagemaker_execution_role.aws_iam_role.sagemaker-role"
          ]
        }
      ]
    },
    {
      "module": "module.mobilenet_2gb_serverless_endpoint_config",
      "mode": "managed",
      "type": "aws_sagemaker_endpoint_configuration",
      "name": "serverless_endpoint_config",
      "provider": "provider[\"registry.terraform.io/hashicorp/aws\"]",
      "instances": [
        {
          "schema_version": 0,
          "attributes": {
            "arn": "arn:aws:sagemaker:us-east-1:647348626155:endpoint-config/mobilenet-2gb-serverless",
            "async_inference_config": [],
            "data_capture_config": [],
            "id": "mobilenet-2gb-serverless",
            "kms_key_arn": "",
            "name": "mobilenet-2gb-serverless",
            "production_variants": [
              {
                "accelerator_type": "",
                "container_startup_health_check_timeout_in_seconds": 0,
                "core_dump_config": [],
                "initial_instance_count": 0,
                "initial_variant_weight": 1,
                "instance_type": "",
                "model_data_download_timeout_in_seconds": 0,
                "model_name": "mobilenet-x86",
                "serverless_config": [
                  {
                    "max_concurrency": 1,
                    "memory_size_in_mb": 2048
                  }
                ],
                "variant_name": "variant-1",
                "volume_size_in_gb": 5
              }
            ],
            "shadow_production_variants": [],
            "tags": {},
            "tags_all": {}
          },
          "sensitive_attributes": [],
          "private": "bnVsbA==",
          "dependencies": [
            "module.dr_detection_models_bucket.aws_s3_bucket.bucket",
            "module.mobilenet_x86_sagemaker_model.aws_sagemaker_model.model",
            "module.private_dr_detection_deploy_repository.aws_ecr_repository.private_repository",
            "module.sagemaker_execution_role.aws_iam_role.sagemaker-role",
            "module.sagemaker_execution_role.data.aws_iam_policy_document.assume_role"
          ]
        }
      ]
    },
    {
      "module": "module.mobilenet_3gb_serverless_endpoint_config",
      "mode": "managed",
      "type": "aws_sagemaker_endpoint_configuration",
      "name": "serverless_endpoint_config",
      "provider": "provider[\"registry.terraform.io/hashicorp/aws\"]",
      "instances": [
        {
          "schema_version": 0,
          "attributes": {
            "arn": "arn:aws:sagemaker:us-east-1:647348626155:endpoint-config/mobilenet-3gb-serverless",
            "async_inference_config": [],
            "data_capture_config": [],
            "id": "mobilenet-3gb-serverless",
            "kms_key_arn": "",
            "name": "mobilenet-3gb-serverless",
            "production_variants": [
              {
                "accelerator_type": "",
                "container_startup_health_check_timeout_in_seconds": 0,
                "core_dump_config": [],
                "initial_instance_count": 0,
                "initial_variant_weight": 1,
                "instance_type": "",
                "model_data_download_timeout_in_seconds": 0,
                "model_name": "mobilenet-x86",
                "serverless_config": [
                  {
                    "max_concurrency": 1,
                    "memory_size_in_mb": 3072
                  }
                ],
                "variant_name": "variant-1",
                "volume_size_in_gb": 5
              }
            ],
            "shadow_production_variants": [],
            "tags": {},
            "tags_all": {}
          },
          "sensitive_attributes": [],
          "private": "bnVsbA==",
          "dependencies": [
            "module.dr_detection_models_bucket.aws_s3_bucket.bucket",
            "module.mobilenet_x86_sagemaker_model.aws_sagemaker_model.model",
            "module.private_dr_detection_deploy_repository.aws_ecr_repository.private_repository",
            "module.sagemaker_execution_role.aws_iam_role.sagemaker-role",
            "module.sagemaker_execution_role.data.aws_iam_policy_document.assume_role"
          ]
        }
      ]
    },
    {
      "module": "module.mobilenet_arm_sagemaker_model",
      "mode": "managed",
      "type": "aws_sagemaker_model",
      "name": "model",
      "provider": "provider[\"registry.terraform.io/hashicorp/aws\"]",
      "instances": [
        {
          "schema_version": 0,
          "attributes": {
            "arn": "arn:aws:sagemaker:us-east-1:647348626155:model/mobilenet-arm",
            "container": [],
            "enable_network_isolation": false,
            "execution_role_arn": "arn:aws:iam::647348626155:role/sagemaker-role",
            "id": "mobilenet-arm",
            "inference_execution_config": [],
            "name": "mobilenet-arm",
            "primary_container": [
              {
                "container_hostname": "",
                "environment": {},
                "image": "647348626155.dkr.ecr.us-east-1.amazonaws.com/dr-detection-deploy-images:arm64",
                "image_config": [],
                "mode": "SingleModel",
                "model_data_url": "s3://dr-detection-models/mobilenet.tar.gz"
              }
            ],
            "tags": {},
            "tags_all": {},
            "vpc_config": []
          },
          "sensitive_attributes": [],
          "private": "bnVsbA==",
          "dependencies": [
            "module.dr_detection_models_bucket.aws_s3_bucket.bucket",
            "module.private_dr_detection_deploy_repository.aws_ecr_repository.private_repository",
            "module.sagemaker_execution_role.aws_iam_role.sagemaker-role",
            "module.sagemaker_execution_role.data.aws_iam_policy_document.assume_role"
          ]
        }
      ]
    },
    {
      "module": "module.mobilenet_c7g_realtime_endpoint_config",
      "mode": "managed",
      "type": "aws_sagemaker_endpoint_configuration",
      "name": "realtime_endpoint_config",
      "provider": "provider[\"registry.terraform.io/hashicorp/aws\"]",
      "instances": [
        {
          "schema_version": 0,
          "attributes": {
            "arn": "arn:aws:sagemaker:us-east-1:647348626155:endpoint-config/mobilenet-c7g-realtime",
            "async_inference_config": [],
            "data_capture_config": [],
            "id": "mobilenet-c7g-realtime",
            "kms_key_arn": "",
            "name": "mobilenet-c7g-realtime",
            "production_variants": [
              {
                "accelerator_type": "",
                "container_startup_health_check_timeout_in_seconds": 0,
                "core_dump_config": [],
                "initial_instance_count": 1,
                "initial_variant_weight": 1,
                "instance_type": "ml.c7g.xlarge",
                "model_data_download_timeout_in_seconds": 0,
                "model_name": "mobilenet-arm",
                "serverless_config": [],
                "variant_name": "variant-1",
                "volume_size_in_gb": 0
              }
            ],
            "shadow_production_variants": [],
            "tags": {},
            "tags_all": {}
          },
          "sensitive_attributes": [],
          "private": "bnVsbA==",
          "dependencies": [
            "module.dr_detection_models_bucket.aws_s3_bucket.bucket",
            "module.mobilenet_arm_sagemaker_model.aws_sagemaker_model.model",
            "module.private_dr_detection_deploy_repository.aws_ecr_repository.private_repository",
            "module.sagemaker_execution_role.aws_iam_role.sagemaker-role",
            "module.sagemaker_execution_role.data.aws_iam_policy_document.assume_role"
          ]
        }
      ]
    },
    {
      "module": "module.mobilenet_m4_realtime_endpoint_config",
      "mode": "managed",
      "type": "aws_sagemaker_endpoint_configuration",
      "name": "realtime_endpoint_config",
      "provider": "provider[\"registry.terraform.io/hashicorp/aws\"]",
      "instances": [
        {
          "schema_version": 0,
          "attributes": {
            "arn": "arn:aws:sagemaker:us-east-1:647348626155:endpoint-config/mobilenet-m4-realtime",
            "async_inference_config": [],
            "data_capture_config": [],
            "id": "mobilenet-m4-realtime",
            "kms_key_arn": "",
            "name": "mobilenet-m4-realtime",
            "production_variants": [
              {
                "accelerator_type": "",
                "container_startup_health_check_timeout_in_seconds": 0,
                "core_dump_config": [],
                "initial_instance_count": 1,
                "initial_variant_weight": 1,
                "instance_type": "ml.m4.xlarge",
                "model_data_download_timeout_in_seconds": 0,
                "model_name": "mobilenet-x86",
                "serverless_config": [],
                "variant_name": "variant-1",
                "volume_size_in_gb": 0
              }
            ],
            "shadow_production_variants": [],
            "tags": {},
            "tags_all": {}
          },
          "sensitive_attributes": [],
          "private": "bnVsbA==",
          "dependencies": [
            "module.dr_detection_models_bucket.aws_s3_bucket.bucket",
            "module.mobilenet_x86_sagemaker_model.aws_sagemaker_model.model",
            "module.private_dr_detection_deploy_repository.aws_ecr_repository.private_repository",
            "module.sagemaker_execution_role.aws_iam_role.sagemaker-role",
            "module.sagemaker_execution_role.data.aws_iam_policy_document.assume_role"
          ]
        }
      ]
    },
    {
      "module": "module.mobilenet_m5_realtime_endpoint_config",
      "mode": "managed",
      "type": "aws_sagemaker_endpoint_configuration",
      "name": "realtime_endpoint_config",
      "provider": "provider[\"registry.terraform.io/hashicorp/aws\"]",
      "instances": [
        {
          "schema_version": 0,
          "attributes": {
            "arn": "arn:aws:sagemaker:us-east-1:647348626155:endpoint-config/mobilenet-m5-realtime",
            "async_inference_config": [],
            "data_capture_config": [],
            "id": "mobilenet-m5-realtime",
            "kms_key_arn": "",
            "name": "mobilenet-m5-realtime",
            "production_variants": [
              {
                "accelerator_type": "",
                "container_startup_health_check_timeout_in_seconds": 0,
                "core_dump_config": [],
                "initial_instance_count": 1,
                "initial_variant_weight": 1,
                "instance_type": "ml.m5.xlarge",
                "model_data_download_timeout_in_seconds": 0,
                "model_name": "mobilenet-x86",
                "serverless_config": [],
                "variant_name": "variant-1",
                "volume_size_in_gb": 0
              }
            ],
            "shadow_production_variants": [],
            "tags": {},
            "tags_all": {}
          },
          "sensitive_attributes": [],
          "private": "bnVsbA==",
          "dependencies": [
            "module.dr_detection_models_bucket.aws_s3_bucket.bucket",
            "module.mobilenet_x86_sagemaker_model.aws_sagemaker_model.model",
            "module.private_dr_detection_deploy_repository.aws_ecr_repository.private_repository",
            "module.sagemaker_execution_role.aws_iam_role.sagemaker-role",
            "module.sagemaker_execution_role.data.aws_iam_policy_document.assume_role"
          ]
        }
      ]
    },
    {
      "module": "module.mobilenet_m6g_realtime_endpoint_config",
      "mode": "managed",
      "type": "aws_sagemaker_endpoint_configuration",
      "name": "realtime_endpoint_config",
      "provider": "provider[\"registry.terraform.io/hashicorp/aws\"]",
      "instances": [
        {
          "schema_version": 0,
          "attributes": {
            "arn": "arn:aws:sagemaker:us-east-1:647348626155:endpoint-config/mobilenet-m6g-realtime",
            "async_inference_config": [],
            "data_capture_config": [],
            "id": "mobilenet-m6g-realtime",
            "kms_key_arn": "",
            "name": "mobilenet-m6g-realtime",
            "production_variants": [
              {
                "accelerator_type": "",
                "container_startup_health_check_timeout_in_seconds": 0,
                "core_dump_config": [],
                "initial_instance_count": 1,
                "initial_variant_weight": 1,
                "instance_type": "ml.m6g.xlarge",
                "model_data_download_timeout_in_seconds": 0,
                "model_name": "mobilenet-arm",
                "serverless_config": [],
                "variant_name": "variant-1",
                "volume_size_in_gb": 0
              }
            ],
            "shadow_production_variants": [],
            "tags": {},
            "tags_all": {}
          },
          "sensitive_attributes": [],
          "private": "bnVsbA==",
          "dependencies": [
            "module.dr_detection_models_bucket.aws_s3_bucket.bucket",
            "module.mobilenet_arm_sagemaker_model.aws_sagemaker_model.model",
            "module.private_dr_detection_deploy_repository.aws_ecr_repository.private_repository",
            "module.sagemaker_execution_role.aws_iam_role.sagemaker-role",
            "module.sagemaker_execution_role.data.aws_iam_policy_document.assume_role"
          ]
        }
      ]
    },
    {
      "module": "module.mobilenet_x86_sagemaker_model",
      "mode": "managed",
      "type": "aws_sagemaker_model",
      "name": "model",
      "provider": "provider[\"registry.terraform.io/hashicorp/aws\"]",
      "instances": [
        {
          "schema_version": 0,
          "attributes": {
            "arn": "arn:aws:sagemaker:us-east-1:647348626155:model/mobilenet-x86",
            "container": [],
            "enable_network_isolation": false,
            "execution_role_arn": "arn:aws:iam::647348626155:role/sagemaker-role",
            "id": "mobilenet-x86",
            "inference_execution_config": [],
            "name": "mobilenet-x86",
            "primary_container": [
              {
                "container_hostname": "",
                "environment": {},
                "image": "647348626155.dkr.ecr.us-east-1.amazonaws.com/dr-detection-deploy-images:latest",
                "image_config": [],
                "mode": "SingleModel",
                "model_data_url": "s3://dr-detection-models/mobilenet.tar.gz"
              }
            ],
            "tags": {},
            "tags_all": {},
            "vpc_config": []
          },
          "sensitive_attributes": [],
          "private": "bnVsbA==",
          "dependencies": [
            "module.dr_detection_models_bucket.aws_s3_bucket.bucket",
            "module.private_dr_detection_deploy_repository.aws_ecr_repository.private_repository",
            "module.sagemaker_execution_role.aws_iam_role.sagemaker-role",
            "module.sagemaker_execution_role.data.aws_iam_policy_document.assume_role"
          ]
        }
      ]
    },
    {
      "module": "module.mobilenet_x86_serverless",
      "mode": "managed",
      "type": "aws_sagemaker_model",
      "name": "model",
      "provider": "provider[\"registry.terraform.io/hashicorp/aws\"]",
      "instances": [
        {
          "schema_version": 0,
          "attributes": {
            "arn": "arn:aws:sagemaker:us-east-1:647348626155:model/mobilenet-x86-serverless",
            "container": [],
            "enable_network_isolation": false,
            "execution_role_arn": "arn:aws:iam::647348626155:role/sagemaker-role",
            "id": "mobilenet-x86-serverless",
            "inference_execution_config": [],
            "name": "mobilenet-x86-serverless",
            "primary_container": [
              {
                "container_hostname": "",
                "environment": {
                  "MODEL_SERVER_WORKERS": "1"
                },
                "image": "647348626155.dkr.ecr.us-east-1.amazonaws.com/dr-detection-deploy-images:latest",
                "image_config": [],
                "mode": "SingleModel",
                "model_data_url": "s3://dr-detection-models/mobilenet.tar.gz"
              }
            ],
            "tags": null,
            "tags_all": {},
            "vpc_config": []
          },
          "sensitive_attributes": [],
          "private": "bnVsbA==",
          "dependencies": [
            "module.dr_detection_models_bucket.aws_s3_bucket.bucket",
            "module.private_dr_detection_deploy_repository.aws_ecr_repository.private_repository",
            "module.sagemaker_execution_role.aws_iam_role.sagemaker-role"
          ]
        }
      ]
    },
    {
      "module": "module.private_dr_detection_deploy_repository",
      "mode": "managed",
      "type": "aws_ecr_repository",
      "name": "private_repository",
      "provider": "provider[\"registry.terraform.io/hashicorp/aws\"]",
      "instances": [
        {
          "schema_version": 0,
          "attributes": {
            "arn": "arn:aws:ecr:us-east-1:647348626155:repository/dr-detection-deploy-images",
            "encryption_configuration": [
              {
                "encryption_type": "AES256",
                "kms_key": ""
              }
            ],
            "force_delete": null,
            "id": "dr-detection-deploy-images",
            "image_scanning_configuration": [
              {
                "scan_on_push": false
              }
            ],
            "image_tag_mutability": "MUTABLE",
            "name": "dr-detection-deploy-images",
            "registry_id": "647348626155",
            "repository_url": "647348626155.dkr.ecr.us-east-1.amazonaws.com/dr-detection-deploy-images",
            "tags": {},
            "tags_all": {},
            "timeouts": null
          },
          "sensitive_attributes": [],
          "private": "eyJlMmJmYjczMC1lY2FhLTExZTYtOGY4OC0zNDM2M2JjN2M0YzAiOnsiZGVsZXRlIjoxMjAwMDAwMDAwMDAwfSwic2NoZW1hX3ZlcnNpb24iOiIwIn0="
        }
      ]
    },
    {
      "module": "module.public_dr_detection_deploy_repository",
      "mode": "managed",
      "type": "aws_ecrpublic_repository",
      "name": "public_repository",
      "provider": "provider[\"registry.terraform.io/hashicorp/aws\"]",
      "instances": [
        {
          "schema_version": 0,
          "attributes": {
            "arn": "arn:aws:ecr-public::647348626155:repository/dr-detection-deploy",
            "catalog_data": [
              {
                "about_text": "TODO",
                "architectures": [
                  "amd64",
                  "arm64v8"
                ],
                "description": "Images compliant with Sagemaker Endpoint inference (BYOC). Used to execute Tensorflow based models for DR detection.",
                "logo_image_blob": "",
                "operating_systems": [
                  "linux"
                ],
                "usage_text": ""
              }
            ],
            "force_destroy": false,
            "id": "dr-detection-deploy",
            "registry_id": "647348626155",
            "repository_name": "dr-detection-deploy",
            "repository_uri": "public.ecr.aws/g1e7s9u4/dr-detection-deploy",
            "tags": {},
            "tags_all": {},
            "timeouts": null
          },
          "sensitive_attributes": [],
          "private": "eyJlMmJmYjczMC1lY2FhLTExZTYtOGY4OC0zNDM2M2JjN2M0YzAiOnsiZGVsZXRlIjoxMjAwMDAwMDAwMDAwfX0="
        }
      ]
    },
    {
      "module": "module.sagemaker_execution_role",
      "mode": "data",
      "type": "aws_iam_policy_document",
      "name": "assume_role",
      "provider": "provider[\"registry.terraform.io/hashicorp/aws\"]",
      "instances": [
        {
          "schema_version": 0,
          "attributes": {
            "id": "390232716",
            "json": "{\n  \"Version\": \"2012-10-17\",\n  \"Statement\": [\n    {\n      \"Sid\": \"\",\n      \"Effect\": \"Allow\",\n      \"Action\": \"sts:AssumeRole\",\n      \"Principal\": {\n        \"Service\": \"sagemaker.amazonaws.com\"\n      }\n    }\n  ]\n}",
            "override_json": null,
            "override_policy_documents": null,
            "policy_id": null,
            "source_json": null,
            "source_policy_documents": null,
            "statement": [
              {
                "actions": [
                  "sts:AssumeRole"
                ],
                "condition": [],
                "effect": "Allow",
                "not_actions": [],
                "not_principals": [],
                "not_resources": [],
                "principals": [
                  {
                    "identifiers": [
                      "sagemaker.amazonaws.com"
                    ],
                    "type": "Service"
                  }
                ],
                "resources": [],
                "sid": ""
              }
            ],
            "version": "2012-10-17"
          },
          "sensitive_attributes": []
        }
      ]
    },
    {
      "module": "module.sagemaker_execution_role",
      "mode": "managed",
      "type": "aws_iam_policy",
      "name": "s3_full_access",
      "provider": "provider[\"registry.terraform.io/hashicorp/aws\"]",
      "instances": [
        {
          "schema_version": 0,
          "attributes": {
            "arn": "arn:aws:iam::647348626155:policy/s3-full-access",
            "description": "Policy which gives access to all s3 buckets",
            "id": "arn:aws:iam::647348626155:policy/s3-full-access",
            "name": "s3-full-access",
            "name_prefix": null,
            "path": "/",
            "policy": "{\"Statement\":[{\"Action\":[\"s3:GetObject\",\"s3:PutObject\",\"s3:DeleteObject\",\"s3:ListBucket\"],\"Effect\":\"Allow\",\"Resource\":\"arn:aws:s3:::*\"}],\"Version\":\"2012-10-17\"}",
            "policy_id": "ANPAZNOH4ELV5RUYALTCY",
            "tags": {},
            "tags_all": {}
          },
          "sensitive_attributes": [],
          "private": "bnVsbA=="
        }
      ]
    },
    {
      "module": "module.sagemaker_execution_role",
      "mode": "managed",
      "type": "aws_iam_role",
      "name": "sagemaker-role",
      "provider": "provider[\"registry.terraform.io/hashicorp/aws\"]",
      "instances": [
        {
          "schema_version": 0,
          "attributes": {
            "arn": "arn:aws:iam::647348626155:role/sagemaker-role",
            "assume_role_policy": "{\"Statement\":[{\"Action\":\"sts:AssumeRole\",\"Effect\":\"Allow\",\"Principal\":{\"Service\":\"sagemaker.amazonaws.com\"},\"Sid\":\"\"}],\"Version\":\"2012-10-17\"}",
            "create_date": "2023-03-26T16:58:17Z",
            "description": "",
            "force_detach_policies": false,
            "id": "sagemaker-role",
            "inline_policy": [],
            "managed_policy_arns": [
              "arn:aws:iam::647348626155:policy/s3-full-access",
              "arn:aws:iam::aws:policy/AmazonSageMakerFullAccess"
            ],
            "max_session_duration": 3600,
            "name": "sagemaker-role",
            "name_prefix": "",
            "path": "/",
            "permissions_boundary": null,
            "tags": {},
            "tags_all": {},
            "unique_id": "AROAZNOH4ELVW6VMYO5ZI"
          },
          "sensitive_attributes": [],
          "private": "bnVsbA==",
          "dependencies": [
            "module.sagemaker_execution_role.data.aws_iam_policy_document.assume_role"
          ]
        }
      ]
    },
    {
      "module": "module.sagemaker_execution_role",
      "mode": "managed",
      "type": "aws_iam_role_policy_attachment",
      "name": "role-policy-attachment",
      "provider": "provider[\"registry.terraform.io/hashicorp/aws\"]",
      "instances": [
        {
          "index_key": "arn:aws:iam::647348626155:policy/s3-full-access",
          "schema_version": 0,
          "attributes": {
            "id": "sagemaker-role-20230326170730468500000002",
            "policy_arn": "arn:aws:iam::647348626155:policy/s3-full-access",
            "role": "sagemaker-role"
          },
          "sensitive_attributes": [],
          "private": "bnVsbA==",
          "dependencies": [
            "module.sagemaker_execution_role.aws_iam_policy.s3_full_access",
            "module.sagemaker_execution_role.aws_iam_role.sagemaker-role",
            "module.sagemaker_execution_role.data.aws_iam_policy_document.assume_role"
          ]
        },
        {
          "index_key": "arn:aws:iam::aws:policy/AmazonSageMakerFullAccess",
          "schema_version": 0,
          "attributes": {
            "id": "sagemaker-role-20230326170730448400000001",
            "policy_arn": "arn:aws:iam::aws:policy/AmazonSageMakerFullAccess",
            "role": "sagemaker-role"
          },
          "sensitive_attributes": [],
          "private": "bnVsbA==",
          "dependencies": [
            "module.sagemaker_execution_role.aws_iam_policy.s3_full_access",
            "module.sagemaker_execution_role.aws_iam_role.sagemaker-role",
            "module.sagemaker_execution_role.data.aws_iam_policy_document.assume_role"
          ]
        }
      ]
    },
    {
      "module": "module.vgg19_1gb_serverless_endpoint_config",
      "mode": "managed",
      "type": "aws_sagemaker_endpoint_configuration",
      "name": "serverless_endpoint_config",
      "provider": "provider[\"registry.terraform.io/hashicorp/aws\"]",
      "instances": [
        {
          "schema_version": 0,
          "attributes": {
            "arn": "arn:aws:sagemaker:us-east-1:647348626155:endpoint-config/vgg19-1gb-serverless",
            "async_inference_config": [],
            "data_capture_config": [],
            "id": "vgg19-1gb-serverless",
            "kms_key_arn": "",
            "name": "vgg19-1gb-serverless",
            "production_variants": [
              {
                "accelerator_type": "",
                "container_startup_health_check_timeout_in_seconds": 0,
                "core_dump_config": [],
                "initial_instance_count": 0,
                "initial_variant_weight": 1,
                "instance_type": "",
                "model_data_download_timeout_in_seconds": 0,
                "model_name": "vgg19-x86",
                "serverless_config": [
                  {
                    "max_concurrency": 1,
                    "memory_size_in_mb": 1024
                  }
                ],
                "variant_name": "variant-1",
                "volume_size_in_gb": 5
              }
            ],
            "shadow_production_variants": [],
            "tags": {},
            "tags_all": {}
          },
          "sensitive_attributes": [],
          "private": "bnVsbA==",
          "dependencies": [
            "module.dr_detection_models_bucket.aws_s3_bucket.bucket",
            "module.private_dr_detection_deploy_repository.aws_ecr_repository.private_repository",
            "module.sagemaker_execution_role.aws_iam_role.sagemaker-role",
            "module.sagemaker_execution_role.data.aws_iam_policy_document.assume_role",
            "module.vgg19_x86_sagemaker_model.aws_sagemaker_model.model"
          ]
        }
      ]
    },
    {
      "module": "module.vgg19_2gb_serverless_endpoint_config",
      "mode": "managed",
      "type": "aws_sagemaker_endpoint_configuration",
      "name": "serverless_endpoint_config",
      "provider": "provider[\"registry.terraform.io/hashicorp/aws\"]",
      "instances": [
        {
          "schema_version": 0,
          "attributes": {
            "arn": "arn:aws:sagemaker:us-east-1:647348626155:endpoint-config/vgg19-2gb-serverless",
            "async_inference_config": [],
            "data_capture_config": [],
            "id": "vgg19-2gb-serverless",
            "kms_key_arn": "",
            "name": "vgg19-2gb-serverless",
            "production_variants": [
              {
                "accelerator_type": "",
                "container_startup_health_check_timeout_in_seconds": 0,
                "core_dump_config": [],
                "initial_instance_count": 0,
                "initial_variant_weight": 1,
                "instance_type": "",
                "model_data_download_timeout_in_seconds": 0,
                "model_name": "vgg19-x86",
                "serverless_config": [
                  {
                    "max_concurrency": 1,
                    "memory_size_in_mb": 2048
                  }
                ],
                "variant_name": "variant-1",
                "volume_size_in_gb": 5
              }
            ],
            "shadow_production_variants": [],
            "tags": {},
            "tags_all": {}
          },
          "sensitive_attributes": [],
          "private": "bnVsbA==",
          "dependencies": [
            "module.dr_detection_models_bucket.aws_s3_bucket.bucket",
            "module.private_dr_detection_deploy_repository.aws_ecr_repository.private_repository",
            "module.sagemaker_execution_role.aws_iam_role.sagemaker-role",
            "module.sagemaker_execution_role.data.aws_iam_policy_document.assume_role",
            "module.vgg19_x86_sagemaker_model.aws_sagemaker_model.model"
          ]
        }
      ]
    },
    {
      "module": "module.vgg19_3gb_serverless_endpoint_config",
      "mode": "managed",
      "type": "aws_sagemaker_endpoint_configuration",
      "name": "serverless_endpoint_config",
      "provider": "provider[\"registry.terraform.io/hashicorp/aws\"]",
      "instances": [
        {
          "schema_version": 0,
          "attributes": {
            "arn": "arn:aws:sagemaker:us-east-1:647348626155:endpoint-config/vgg19-3gb-serverless",
            "async_inference_config": [],
            "data_capture_config": [],
            "id": "vgg19-3gb-serverless",
            "kms_key_arn": "",
            "name": "vgg19-3gb-serverless",
            "production_variants": [
              {
                "accelerator_type": "",
                "container_startup_health_check_timeout_in_seconds": 0,
                "core_dump_config": [],
                "initial_instance_count": 0,
                "initial_variant_weight": 1,
                "instance_type": "",
                "model_data_download_timeout_in_seconds": 0,
                "model_name": "vgg19-x86",
                "serverless_config": [
                  {
                    "max_concurrency": 1,
                    "memory_size_in_mb": 3072
                  }
                ],
                "variant_name": "variant-1",
                "volume_size_in_gb": 5
              }
            ],
            "shadow_production_variants": [],
            "tags": {},
            "tags_all": {}
          },
          "sensitive_attributes": [],
          "private": "bnVsbA==",
          "dependencies": [
            "module.dr_detection_models_bucket.aws_s3_bucket.bucket",
            "module.private_dr_detection_deploy_repository.aws_ecr_repository.private_repository",
            "module.sagemaker_execution_role.aws_iam_role.sagemaker-role",
            "module.sagemaker_execution_role.data.aws_iam_policy_document.assume_role",
            "module.vgg19_x86_sagemaker_model.aws_sagemaker_model.model"
          ]
        }
      ]
    },
    {
      "module": "module.vgg19_arm_sagemaker_model",
      "mode": "managed",
      "type": "aws_sagemaker_model",
      "name": "model",
      "provider": "provider[\"registry.terraform.io/hashicorp/aws\"]",
      "instances": [
        {
          "schema_version": 0,
          "attributes": {
            "arn": "arn:aws:sagemaker:us-east-1:647348626155:model/vgg19-arm",
            "container": [],
            "enable_network_isolation": false,
            "execution_role_arn": "arn:aws:iam::647348626155:role/sagemaker-role",
            "id": "vgg19-arm",
            "inference_execution_config": [],
            "name": "vgg19-arm",
            "primary_container": [
              {
                "container_hostname": "",
                "environment": {},
                "image": "647348626155.dkr.ecr.us-east-1.amazonaws.com/dr-detection-deploy-images:arm64",
                "image_config": [],
                "mode": "SingleModel",
                "model_data_url": "s3://dr-detection-models/vgg19.tar.gz"
              }
            ],
            "tags": {},
            "tags_all": {},
            "vpc_config": []
          },
          "sensitive_attributes": [],
          "private": "bnVsbA==",
          "dependencies": [
            "module.dr_detection_models_bucket.aws_s3_bucket.bucket",
            "module.private_dr_detection_deploy_repository.aws_ecr_repository.private_repository",
            "module.sagemaker_execution_role.aws_iam_role.sagemaker-role",
            "module.sagemaker_execution_role.data.aws_iam_policy_document.assume_role"
          ]
        }
      ]
    },
    {
      "module": "module.vgg19_c7g_realtime_endpoint_config",
      "mode": "managed",
      "type": "aws_sagemaker_endpoint_configuration",
      "name": "realtime_endpoint_config",
      "provider": "provider[\"registry.terraform.io/hashicorp/aws\"]",
      "instances": [
        {
          "schema_version": 0,
          "attributes": {
            "arn": "arn:aws:sagemaker:us-east-1:647348626155:endpoint-config/vgg19-c7g-realtime",
            "async_inference_config": [],
            "data_capture_config": [],
            "id": "vgg19-c7g-realtime",
            "kms_key_arn": "",
            "name": "vgg19-c7g-realtime",
            "production_variants": [
              {
                "accelerator_type": "",
                "container_startup_health_check_timeout_in_seconds": 0,
                "core_dump_config": [],
                "initial_instance_count": 1,
                "initial_variant_weight": 1,
                "instance_type": "ml.c7g.xlarge",
                "model_data_download_timeout_in_seconds": 0,
                "model_name": "vgg19-arm",
                "serverless_config": [],
                "variant_name": "variant-1",
                "volume_size_in_gb": 0
              }
            ],
            "shadow_production_variants": [],
            "tags": {},
            "tags_all": {}
          },
          "sensitive_attributes": [],
          "private": "bnVsbA==",
          "dependencies": [
            "module.dr_detection_models_bucket.aws_s3_bucket.bucket",
            "module.private_dr_detection_deploy_repository.aws_ecr_repository.private_repository",
            "module.sagemaker_execution_role.aws_iam_role.sagemaker-role",
            "module.sagemaker_execution_role.data.aws_iam_policy_document.assume_role",
            "module.vgg19_arm_sagemaker_model.aws_sagemaker_model.model"
          ]
        }
      ]
    },
    {
      "module": "module.vgg19_m4_realtime_endpoint_config",
      "mode": "managed",
      "type": "aws_sagemaker_endpoint_configuration",
      "name": "realtime_endpoint_config",
      "provider": "provider[\"registry.terraform.io/hashicorp/aws\"]",
      "instances": [
        {
          "schema_version": 0,
          "attributes": {
            "arn": "arn:aws:sagemaker:us-east-1:647348626155:endpoint-config/vgg19-m4-realtime",
            "async_inference_config": [],
            "data_capture_config": [],
            "id": "vgg19-m4-realtime",
            "kms_key_arn": "",
            "name": "vgg19-m4-realtime",
            "production_variants": [
              {
                "accelerator_type": "",
                "container_startup_health_check_timeout_in_seconds": 0,
                "core_dump_config": [],
                "initial_instance_count": 1,
                "initial_variant_weight": 1,
                "instance_type": "ml.m4.xlarge",
                "model_data_download_timeout_in_seconds": 0,
                "model_name": "vgg19-x86",
                "serverless_config": [],
                "variant_name": "variant-1",
                "volume_size_in_gb": 0
              }
            ],
            "shadow_production_variants": [],
            "tags": {},
            "tags_all": {}
          },
          "sensitive_attributes": [],
          "private": "bnVsbA==",
          "dependencies": [
            "module.dr_detection_models_bucket.aws_s3_bucket.bucket",
            "module.private_dr_detection_deploy_repository.aws_ecr_repository.private_repository",
            "module.sagemaker_execution_role.aws_iam_role.sagemaker-role",
            "module.sagemaker_execution_role.data.aws_iam_policy_document.assume_role",
            "module.vgg19_x86_sagemaker_model.aws_sagemaker_model.model"
          ]
        }
      ]
    },
    {
      "module": "module.vgg19_m5_realtime_endpoint_config",
      "mode": "managed",
      "type": "aws_sagemaker_endpoint_configuration",
      "name": "realtime_endpoint_config",
      "provider": "provider[\"registry.terraform.io/hashicorp/aws\"]",
      "instances": [
        {
          "schema_version": 0,
          "attributes": {
            "arn": "arn:aws:sagemaker:us-east-1:647348626155:endpoint-config/vgg19-m5-realtime",
            "async_inference_config": [],
            "data_capture_config": [],
            "id": "vgg19-m5-realtime",
            "kms_key_arn": "",
            "name": "vgg19-m5-realtime",
            "production_variants": [
              {
                "accelerator_type": "",
                "container_startup_health_check_timeout_in_seconds": 0,
                "core_dump_config": [],
                "initial_instance_count": 1,
                "initial_variant_weight": 1,
                "instance_type": "ml.m5.xlarge",
                "model_data_download_timeout_in_seconds": 0,
                "model_name": "vgg19-x86",
                "serverless_config": [],
                "variant_name": "variant-1",
                "volume_size_in_gb": 0
              }
            ],
            "shadow_production_variants": [],
            "tags": {},
            "tags_all": {}
          },
          "sensitive_attributes": [],
          "private": "bnVsbA==",
          "dependencies": [
            "module.dr_detection_models_bucket.aws_s3_bucket.bucket",
            "module.private_dr_detection_deploy_repository.aws_ecr_repository.private_repository",
            "module.sagemaker_execution_role.aws_iam_role.sagemaker-role",
            "module.sagemaker_execution_role.data.aws_iam_policy_document.assume_role",
            "module.vgg19_x86_sagemaker_model.aws_sagemaker_model.model"
          ]
        }
      ]
    },
    {
      "module": "module.vgg19_m6g_realtime_endpoint_config",
      "mode": "managed",
      "type": "aws_sagemaker_endpoint_configuration",
      "name": "realtime_endpoint_config",
      "provider": "provider[\"registry.terraform.io/hashicorp/aws\"]",
      "instances": [
        {
          "schema_version": 0,
          "attributes": {
            "arn": "arn:aws:sagemaker:us-east-1:647348626155:endpoint-config/vgg19-m6g-realtime",
            "async_inference_config": [],
            "data_capture_config": [],
            "id": "vgg19-m6g-realtime",
            "kms_key_arn": "",
            "name": "vgg19-m6g-realtime",
            "production_variants": [
              {
                "accelerator_type": "",
                "container_startup_health_check_timeout_in_seconds": 0,
                "core_dump_config": [],
                "initial_instance_count": 1,
                "initial_variant_weight": 1,
                "instance_type": "ml.m6g.xlarge",
                "model_data_download_timeout_in_seconds": 0,
                "model_name": "vgg19-arm",
                "serverless_config": [],
                "variant_name": "variant-1",
                "volume_size_in_gb": 0
              }
            ],
            "shadow_production_variants": [],
            "tags": {},
            "tags_all": {}
          },
          "sensitive_attributes": [],
          "private": "bnVsbA==",
          "dependencies": [
            "module.dr_detection_models_bucket.aws_s3_bucket.bucket",
            "module.private_dr_detection_deploy_repository.aws_ecr_repository.private_repository",
            "module.sagemaker_execution_role.aws_iam_role.sagemaker-role",
            "module.sagemaker_execution_role.data.aws_iam_policy_document.assume_role",
            "module.vgg19_arm_sagemaker_model.aws_sagemaker_model.model"
          ]
        }
      ]
    },
    {
      "module": "module.vgg19_x86_sagemaker_model",
      "mode": "managed",
      "type": "aws_sagemaker_model",
      "name": "model",
      "provider": "provider[\"registry.terraform.io/hashicorp/aws\"]",
      "instances": [
        {
          "schema_version": 0,
          "attributes": {
            "arn": "arn:aws:sagemaker:us-east-1:647348626155:model/vgg19-x86",
            "container": [],
            "enable_network_isolation": false,
            "execution_role_arn": "arn:aws:iam::647348626155:role/sagemaker-role",
            "id": "vgg19-x86",
            "inference_execution_config": [],
            "name": "vgg19-x86",
            "primary_container": [
              {
                "container_hostname": "",
                "environment": {},
                "image": "647348626155.dkr.ecr.us-east-1.amazonaws.com/dr-detection-deploy-images:latest",
                "image_config": [],
                "mode": "SingleModel",
                "model_data_url": "s3://dr-detection-models/vgg19.tar.gz"
              }
            ],
            "tags": {},
            "tags_all": {},
            "vpc_config": []
          },
          "sensitive_attributes": [],
          "private": "bnVsbA==",
          "dependencies": [
            "module.dr_detection_models_bucket.aws_s3_bucket.bucket",
            "module.private_dr_detection_deploy_repository.aws_ecr_repository.private_repository",
            "module.sagemaker_execution_role.aws_iam_role.sagemaker-role",
            "module.sagemaker_execution_role.data.aws_iam_policy_document.assume_role"
          ]
        }
      ]
    }
  ],
  "check_results": null
}
